
Microsoft Visual Studio Solution File, Format Version 12.00
# Visual Studio Version 16
VisualStudioVersion = 16.0.31112.23
MinimumVisualStudioVersion = 10.0.40219.1
Project("{FAE04EC0-301F-11D3-BF4B-00C04F79EFBC}") = "KSP_x64", "KSP_x64\KSP_x64.csproj", "{C15AC93B-28F6-47D1-A8F4-0E022747326C}"
EndProject
Global
	GlobalSection(SolutionConfigurationPlatforms) = preSolution
		Debug|Any CPU = Debug|Any CPU
		Release|Any CPU = Release|Any CPU
	EndGlobalSection
	GlobalSection(ProjectConfigurationPlatforms) = postSolution
		{C15AC93B-28F6-47D1-A8F4-0E022747326C}.Debug|Any CPU.ActiveCfg = Debug|Any CPU
		{C15AC93B-28F6-47D1-A8F4-0E022747326C}.Debug|Any CPU.Build.0 = Debug|Any CPU
		{C15AC93B-28F6-47D1-A8F4-0E022747326C}.Release|Any CPU.ActiveCfg = Release|Any CPU
		{C15AC93B-28F6-47D1-A8F4-0E022747326C}.Release|Any CPU.Build.0 = Release|Any CPU
	EndGlobalSection
	GlobalSection(SolutionProperties) = preSolution
		HideSolutionNode = FALSE
	EndGlobalSection
	GlobalSection(ExtensibilityGlobals) = postSolution
		SolutionGuid = {2CFA3EC6-E3F0-4A4F-B4B5-3A55799C3818}
	EndGlobalSection
EndGlobal
